
Microsoft Visual Studio Solution File, Format Version 12.00
# Visual Studio Version 17
VisualStudioVersion = 17.1.32421.90
MinimumVisualStudioVersion = 10.0.40219.1
Project("{FAE04EC0-301F-11D3-BF4B-00C04F79EFBC}") = "Wpf_ExcelLook-a-LikeApp", "Wpf_ExcelLook-a-LikeApp.csproj", "{8DEFA0D1-21CB-485C-BF64-1246D6426C2A}"
EndProject
Global
	GlobalSection(SolutionConfigurationPlatforms) = preSolution
		Debug|Any CPU = Debug|Any CPU
		Release|Any CPU = Release|Any CPU
	EndGlobalSection
	GlobalSection(ProjectConfigurationPlatforms) = postSolution
		{8DEFA0D1-21CB-485C-BF64-1246D6426C2A}.Debug|Any CPU.ActiveCfg = Debug|Any CPU
		{8DEFA0D1-21CB-485C-BF64-1246D6426C2A}.Debug|Any CPU.Build.0 = Debug|Any CPU
		{8DEFA0D1-21CB-485C-BF64-1246D6426C2A}.Release|Any CPU.ActiveCfg = Release|Any CPU
		{8DEFA0D1-21CB-485C-BF64-1246D6426C2A}.Release|Any CPU.Build.0 = Release|Any CPU
	EndGlobalSection
	GlobalSection(SolutionProperties) = preSolution
		HideSolutionNode = FALSE
	EndGlobalSection
	GlobalSection(ExtensibilityGlobals) = postSolution
		SolutionGuid = {308885A6-105C-4E6D-9F77-CA93CA137C68}
	EndGlobalSection
EndGlobal
